// !$*UTF8*$!
{
	archiveVersion = 1;
	classes = {
	};
	objectVersion = 77;
	objects = {

/* Begin PBXContainerItemProxy section */
		ABC65BB82FBB468500655953 /* PBXContainerItemProxy */ = {
			isa = PBXContainerItemProxy;
			containerPortal = ABC65B992FBB468400655953 /* Project object */;
			proxyType = 1;
			remoteGlobalIDString = ABC65BA02FBB468400655953;
			remoteInfo = candidatures_ios;
		};
		ABC65BC22FBB468500655953 /* PBXContainerItemProxy */ = {
			isa = PBXContainerItemProxy;
			containerPortal = ABC65B992FBB468400655953 /* Project object */;
			proxyType = 1;
			remoteGlobalIDString = ABC65BA02FBB468400655953;
			remoteInfo = candidatures_ios;
		};
/* End PBXContainerItemProxy section */

/* Begin PBXFileReference section */
		ABC65BA12FBB468400655953 /* candidatures_ios.app */ = {isa = PBXFileReference; explicitFileType = wrapper.application; includeInIndex = 0; path = candidatures_ios.app; sourceTree = BUILT_PRODUCTS_DIR; };
		ABC65BB72FBB468500655953 /* candidatures_iosTests.xctest */ = {isa = PBXFileReference; explicitFileType = wrapper.cfbundle; includeInIndex = 0; path = candidatures_iosTests.xctest; sourceTree = BUILT_PRODUCTS_DIR; };
		ABC65BC12FBB468500655953 /* candidatures_iosUITests.xctest */ = {isa = PBXFileReference; explicitFileType = wrapper.cfbundle; includeInIndex = 0; path = candidatures_iosUITests.xctest; sourceTree = BUILT_PRODUCTS_DIR; };
/* End PBXFileReference section */

/* Begin PBXFileSystemSynchronizedBuildFileExceptionSet section */
		ABC65BC92FBB468500655953 /* Exceptions for "candidatures_ios" folder in "candidatures_ios" target */ = {
			isa = PBXFileSystemSynchronizedBuildFileExceptionSet;
			membershipExceptions = (
				Info.plist,
			);
			target = ABC65BA02FBB468400655953 /* candidatures_ios */;
		};
/* End PBXFileSystemSynchronizedBuildFileExceptionSet section */

/* Begin PBXFileSystemSynchronizedRootGroup section */
		ABC65BA32FBB468400655953 /* candidatures_ios */ = {
			isa = PBXFileSystemSynchronizedRootGroup;
			exceptions = (
				ABC65BC92FBB468500655953 /* Exceptions for "candidatures_ios" folder in "candidatures_ios" target */,
			);
			path = candidatures_ios;
			sourceTree = "<group>";
		};
		ABC65BBA2FBB468500655953 /* candidatures_iosTests */ = {
			isa = PBXFileSystemSynchronizedRootGroup;
			path = candidatures_iosTests;
			sourceTree = "<group>";
		};
		ABC65BC42FBB468500655953 /* candidatures_iosUITests */ = {
			isa = PBXFileSystemSynchronizedRootGroup;
			path = candidatures_iosUITests;
			sourceTree = "<group>";
		};
/* End PBXFileSystemSynchronizedRootGroup section */

/* Begin PBXFrameworksBuildPhase section */
		ABC65B9E2FBB468400655953 /* Frameworks */ = {
			isa = PBXFrameworksBuildPhase;
			buildActionMask = 2147483647;
			files = (
			);
			runOnlyForDeploymentPostprocessing = 0;
		};
		ABC65BB42FBB468500655953 /* Frameworks */ = {
			isa = PBXFrameworksBuildPhase;
			buildActionMask = 2147483647;
			files = (
			);
			runOnlyForDeploymentPostprocessing = 0;
		};
		ABC65BBE2FBB468500655953 /* Frameworks */ = {
			isa = PBXFrameworksBuildPhase;
			buildActionMask = 2147483647;
			files = (
			);
			runOnlyForDeploymentPostprocessing = 0;
		};
/* End PBXFrameworksBuildPhase section */

/* Begin PBXGroup section */
		ABC65B982FBB468400655953 = {
			isa = PBXGroup;
			children = (
				ABC65BA32FBB468400655953 /* candidatures_ios */,
				ABC65BBA2FBB468500655953 /* candidatures_iosTests */,
				ABC65BC42FBB468500655953 /* candidatures_iosUITests */,
				ABC65BA22FBB468400655953 /* Products */,
			);
			sourceTree = "<group>";
		};
		ABC65BA22FBB468400655953 /* Products */ = {
			isa = PBXGroup;
			children = (
				ABC65BA12FBB468400655953 /* candidatures_ios.app */,
				ABC65BB72FBB468500655953 /* candidatures_iosTests.xctest */,
				ABC65BC12FBB468500655953 /* candidatures_iosUITests.xctest */,
			);
			name = Products;
			sourceTree = "<group>";
		};
/* End PBXGroup section */

/* Begin PBXNativeTarget section */
		ABC65BA02FBB468400655953 /* candidatures_ios */ = {
			isa = PBXNativeTarget;
			buildConfigurationList = ABC65BCA2FBB468500655953 /* Build configuration list for PBXNativeTarget "candidatures_ios" */;
			buildPhases = (
				ABC65B9D2FBB468400655953 /* Sources */,
				ABC65B9E2FBB468400655953 /* Frameworks */,
				ABC65B9F2FBB468400655953 /* Resources */,
			);
			buildRules = (
			);
			dependencies = (
			);
			fileSystemSynchronizedGroups = (
				ABC65BA32FBB468400655953 /* candidatures_ios */,
			);
			name = candidatures_ios;
			packageProductDependencies = (
			);
			productName = candidatures_ios;
			productReference = ABC65BA12FBB468400655953 /* candidatures_ios.app */;
			productType = "com.apple.product-type.application";
		};
		ABC65BB62FBB468500655953 /* candidatures_iosTests */ = {
			isa = PBXNativeTarget;
			buildConfigurationList = ABC65BCF2FBB468500655953 /* Build configuration list for PBXNativeTarget "candidatures_iosTests" */;
			buildPhases = (
				ABC65BB32FBB468500655953 /* Sources */,
				ABC65BB42FBB468500655953 /* Frameworks */,
				ABC65BB52FBB468500655953 /* Resources */,
			);
			buildRules = (
			);
			dependencies = (
				ABC65BB92FBB468500655953 /* PBXTargetDependency */,
			);
			fileSystemSynchronizedGroups = (
				ABC65BBA2FBB468500655953 /* candidatures_iosTests */,
			);
			name = candidatures_iosTests;
			packageProductDependencies = (
			);
			productName = candidatures_iosTests;
			productReference = ABC65BB72FBB468500655953 /* candidatures_iosTests.xctest */;
			productType = "com.apple.product-type.bundle.unit-test";
		};
		ABC65BC02FBB468500655953 /* candidatures_iosUITests */ = {
			isa = PBXNativeTarget;
			buildConfigurationList = ABC65BD22FBB468500655953 /* Build configuration list for PBXNativeTarget "candidatures_iosUITests" */;
			buildPhases = (
				ABC65BBD2FBB468500655953 /* Sources */,
				ABC65BBE2FBB468500655953 /* Frameworks */,
				ABC65BBF2FBB468500655953 /* Resources */,
			);
			buildRules = (
			);
			dependencies = (
				ABC65BC32FBB468500655953 /* PBXTargetDependency */,
			);
			fileSystemSynchronizedGroups = (
				ABC65BC42FBB468500655953 /* candidatures_iosUITests */,
			);
			name = candidatures_iosUITests;
			packageProductDependencies = (
			);
			productName = candidatures_iosUITests;
			productReference = ABC65BC12FBB468500655953 /* candidatures_iosUITests.xctest */;
			productType = "com.apple.product-type.bundle.ui-testing";
		};
/* End PBXNativeTarget section */

/* Begin PBXProject section */
		ABC65B992FBB468400655953 /* Project object */ = {
			isa = PBXProject;
			attributes = {
				BuildIndependentTargetsInParallel = 1;
				LastSwiftUpdateCheck = 1610;
				LastUpgradeCheck = 1610;
				TargetAttributes = {
					ABC65BA02FBB468400655953 = {
						CreatedOnToolsVersion = 16.1;
					};
					ABC65BB62FBB468500655953 = {
						CreatedOnToolsVersion = 16.1;
						TestTargetID = ABC65BA02FBB468400655953;
					};
					ABC65BC02FBB468500655953 = {
						CreatedOnToolsVersion = 16.1;
						TestTargetID = ABC65BA02FBB468400655953;
					};
				};
			};
			buildConfigurationList = ABC65B9C2FBB468400655953 /* Build configuration list for PBXProject "candidatures_ios" */;
			developmentRegion = en;
			hasScannedForEncodings = 0;
			knownRegions = (
				en,
				Base,
			);
			mainGroup = ABC65B982FBB468400655953;
			minimizedProjectReferenceProxies = 1;
			preferredProjectObjectVersion = 77;
			productRefGroup = ABC65BA22FBB468400655953 /* Products */;
			projectDirPath = "";
			projectRoot = "";
			targets = (
				ABC65BA02FBB468400655953 /* candidatures_ios */,
				ABC65BB62FBB468500655953 /* candidatures_iosTests */,
				ABC65BC02FBB468500655953 /* candidatures_iosUITests */,
			);
		};
/* End PBXProject section */

/* Begin PBXResourcesBuildPhase section */
		ABC65B9F2FBB468400655953 /* Resources */ = {
			isa = PBXResourcesBuildPhase;
			buildActionMask = 2147483647;
			files = (
			);
			runOnlyForDeploymentPostprocessing = 0;
		};
		ABC65BB52FBB468500655953 /* Resources */ = {
			isa = PBXResourcesBuildPhase;
			buildActionMask = 2147483647;
			files = (
			);
			runOnlyForDeploymentPostprocessing = 0;
		};
		ABC65BBF2FBB468500655953 /* Resources */ = {
			isa = PBXResourcesBuildPhase;
			buildActionMask = 2147483647;
			files = (
			);
			runOnlyForDeploymentPostprocessing = 0;
		};
/* End PBXResourcesBuildPhase section */

/* Begin PBXSourcesBuildPhase section */
		ABC65B9D2FBB468400655953 /* Sources */ = {
			isa = PBXSourcesBuildPhase;
			buildActionMask = 2147483647;
			files = (
			);
			runOnlyForDeploymentPostprocessing = 0;
		};
		ABC65BB32FBB468500655953 /* Sources */ = {
			isa = PBXSourcesBuildPhase;
			buildActionMask = 2147483647;
			files = (
			);
			runOnlyForDeploymentPostprocessing = 0;
		};
		ABC65BBD2FBB468500655953 /* Sources */ = {
			isa = PBXSourcesBuildPhase;
			buildActionMask = 2147483647;
			files = (
			);
			runOnlyForDeploymentPostprocessing = 0;
		};
/* End PBXSourcesBuildPhase section */

/* Begin PBXTargetDependency section */
		ABC65BB92FBB468500655953 /* PBXTargetDependency */ = {
			isa = PBXTargetDependency;
			target = ABC65BA02FBB468400655953 /* candidatures_ios */;
			targetProxy = ABC65BB82FBB468500655953 /* PBXContainerItemProxy */;
		};
		ABC65BC32FBB468500655953 /* PBXTargetDependency */ = {
			isa = PBXTargetDependency;
			target = ABC65BA02FBB468400655953 /* candidatures_ios */;
			targetProxy = ABC65BC22FBB468500655953 /* PBXContainerItemProxy */;
		};
/* End PBXTargetDependency section */

/* Begin XCBuildConfiguration section */
		ABC65BCB2FBB468500655953 /* Debug */ = {
			isa = XCBuildConfiguration;
			buildSettings = {
				ASSETCATALOG_COMPILER_APPICON_NAME = AppIcon;
				ASSETCATALOG_COMPILER_GLOBAL_ACCENT_COLOR_NAME = AccentColor;
				CODE_SIGN_STYLE = Automatic;
				CURRENT_PROJECT_VERSION = 1;
				GENERATE_INFOPLIST_FILE = YES;
				INFOPLIST_FILE = candidatures_ios/Info.plist;
				INFOPLIST_KEY_CFBundleDisplayName = SuiviCandidatures;
				INFOPLIST_KEY_UIApplicationSupportsIndirectInputEvents = YES;
				INFOPLIST_KEY_UILaunchStoryboardName = LaunchScreen;
				INFOPLIST_KEY_UIMainStoryboardFile = Main;
				INFOPLIST_KEY_UISupportedInterfaceOrientations_iPad = "UIInterfaceOrientationPortrait UIInterfaceOrientationPortraitUpsideDown UIInterfaceOrientationLandscapeLeft UIInterfaceOrientationLandscapeRight";
				INFOPLIST_KEY_UISupportedInterfaceOrientations_iPhone = "UIInterfaceOrientationPortrait UIInterfaceOrientationLandscapeLeft UIInterfaceOrientationLandscapeRight";
				LD_RUNPATH_SEARCH_PATHS = (
					"$(inherited)",
					"@executable_path/Frameworks",
				);
				MARKETING_VERSION = 1.0;
				PRODUCT_BUNDLE_IDENTIFIER = "com.rakotoarisoa.candidatures-ios";
				PRODUCT_NAME = "$(TARGET_NAME)";
				SWIFT_EMIT_LOC_STRINGS = YES;
				SWIFT_VERSION = 5.0;
				TARGETED_DEVICE_FAMILY = "1,2";
			};
			name = Debug;
		};
		ABC65BCC2FBB468500655953 /* Release */ = {
			isa = XCBuildConfiguration;
			buildSettings = {
				ASSETCATALOG_COMPILER_APPICON_NAME = AppIcon;
				ASSETCATALOG_COMPILER_GLOBAL_ACCENT_COLOR_NAME = AccentColor;
				CODE_SIGN_STYLE = Automatic;
				CURRENT_PROJECT_VERSION = 1;
				GENERATE_INFOPLIST_FILE = YES;
				INFOPLIST_FILE = candidatures_ios/Info.plist;
				INFOPLIST_KEY_CFBundleDisplayName = SuiviCandidatures;
				INFOPLIST_KEY_UIApplicationSupportsIndirectInputEvents = YES;
				INFOPLIST_KEY_UILaunchStoryboardName = LaunchScreen;
				INFOPLIST_KEY_UIMainStoryboardFile = Main;
				INFOPLIST_KEY_UISupportedInterfaceOrientations_iPad = "UIInterfaceOrientationPortrait UIInterfaceOrientationPortraitUpsideDown UIInterfaceOrientationLandscapeLeft UIInterfaceOrientationLandscapeRight";
				INFOPLIST_KEY_UISupportedInterfaceOrientations_iPhone = "UIInterfaceOrientationPortrait UIInterfaceOrientationLandscapeLeft UIInterfaceOrientationLandscapeRight";
				LD_RUNPATH_SEARCH_PATHS = (
					"$(inherited)",
					"@executable_path/Frameworks",
				);
				MARKETING_VERSION = 1.0;
				PRODUCT_BUNDLE_IDENTIFIER = "com.rakotoarisoa.candidatures-ios";
				PRODUCT_NAME = "$(TARGET_NAME)";
				SWIFT_EMIT_LOC_STRINGS = YES;
				SWIFT_VERSION = 5.0;
				TARGETED_DEVICE_FAMILY = "1,2";
			};
			name = Release;
		};
		ABC65BCD2FBB468500655953 /* Debug */ = {
			isa = XCBuildConfiguration;
			baseConfigurationReferenceAnchor = ABC65BA32FBB468400655953 /* candidatures_ios */;
			baseConfigurationReferenceRelativePath = Config/Config.xcconfig;
			buildSettings = {
				ALWAYS_SEARCH_USER_PATHS = NO;
				ASSETCATALOG_COMPILER_GENERATE_SWIFT_ASSET_SYMBOL_EXTENSIONS = YES;
				CLANG_ANALYZER_NONNULL = YES;
				CLANG_ANALYZER_NUMBER_OBJECT_CONVERSION = YES_AGGRESSIVE;
				CLANG_CXX_LANGUAGE_STANDARD = "gnu++20";
				CLANG_ENABLE_MODULES = YES;
				CLANG_ENABLE_OBJC_ARC = YES;
				CLANG_ENABLE_OBJC_WEAK = YES;
				CLANG_WARN_BLOCK_CAPTURE_AUTORELEASING = YES;
				CLANG_WARN_BOOL_CONVERSION = YES;
				CLANG_WARN_COMMA = YES;
				CLANG_WARN_CONSTANT_CONVERSION = YES;
				CLANG_WARN_DEPRECATED_OBJC_IMPLEMENTATIONS = YES;
				CLANG_WARN_DIRECT_OBJC_ISA_USAGE = YES_ERROR;
				CLANG_WARN_DOCUMENTATION_COMMENTS = YES;
				CLANG_WARN_EMPTY_BODY = YES;
				CLANG_WARN_ENUM_CONVERSION = YES;
				CLANG_WARN_INFINITE_RECURSION = YES;
				CLANG_WARN_INT_CONVERSION = YES;
				CLANG_WARN_NON_LITERAL_NULL_CONVERSION = YES;
				CLANG_WARN_OBJC_IMPLICIT_RETAIN_SELF = YES;
				CLANG_WARN_OBJC_LITERAL_CONVERSION = YES;
				CLANG_WARN_OBJC_ROOT_CLASS = YES_ERROR;
				CLANG_WARN_QUOTED_INCLUDE_IN_FRAMEWORK_HEADER = YES;
				CLANG_WARN_RANGE_LOOP_ANALYSIS = YES;
				CLANG_WARN_STRICT_PROTOTYPES = YES;
				CLANG_WARN_SUSPICIOUS_MOVE = YES;
				CLANG_WARN_UNGUARDED_AVAILABILITY = YES_AGGRESSIVE;
				CLANG_WARN_UNREACHABLE_CODE = YES;
				CLANG_WARN__DUPLICATE_METHOD_MATCH = YES;
				COPY_PHASE_STRIP = NO;
				DEBUG_INFORMATION_FORMAT = dwarf;
				ENABLE_STRICT_OBJC_MSGSEND = YES;
				ENABLE_TESTABILITY = YES;
				ENABLE_USER_SCRIPT_SANDBOXING = YES;
				GCC_C_LANGUAGE_STANDARD = gnu17;
				GCC_DYNAMIC_NO_PIC = NO;
				GCC_NO_COMMON_BLOCKS = YES;
				GCC_OPTIMIZATION_LEVEL = 0;
				GCC_PREPROCESSOR_DEFINITIONS = (
					"DEBUG=1",
					"$(inherited)",
				);
				GCC_WARN_64_TO_32_BIT_CONVERSION = YES;
				GCC_WARN_ABOUT_RETURN_TYPE = YES_ERROR;
				GCC_WARN_UNDECLARED_SELECTOR = YES;
				GCC_WARN_UNINITIALIZED_AUTOS = YES_AGGRESSIVE;
				GCC_WARN_UNUSED_FUNCTION = YES;
				GCC_WARN_UNUSED_VARIABLE = YES;
				IPHONEOS_DEPLOYMENT_TARGET = 18.1;
				LOCALIZATION_PREFERS_STRING_CATALOGS = YES;
				MTL_ENABLE_DEBUG_INFO = INCLUDE_SOURCE;
				MTL_FAST_MATH = YES;
				ONLY_ACTIVE_ARCH = YES;
				SDKROOT = iphoneos;
				SWIFT_ACTIVE_COMPILATION_CONDITIONS = "DEBUG $(inherited)";
				SWIFT_OPTIMIZATION_LEVEL = "-Onone";
			};
			name = Debug;
		};
		ABC65BCE2FBB468500655953 /* Release */ = {
			isa = XCBuildConfiguration;
			baseConfigurationReferenceAnchor = ABC65BA32FBB468400655953 /* candidatures_ios */;
			baseConfigurationReferenceRelativePath = Config/Config.xcconfig;
			buildSettings = {
				ALWAYS_SEARCH_USER_PATHS = NO;
				ASSETCATALOG_COMPILER_GENERATE_SWIFT_ASSET_SYMBOL_EXTENSIONS = YES;
				CLANG_ANALYZER_NONNULL = YES;
				CLANG_ANALYZER_NUMBER_OBJECT_CONVERSION = YES_AGGRESSIVE;
				CLANG_CXX_LANGUAGE_STANDARD = "gnu++20";
				CLANG_ENABLE_MODULES = YES;
				CLANG_ENABLE_OBJC_ARC = YES;
				CLANG_ENABLE_OBJC_WEAK = YES;
				CLANG_WARN_BLOCK_CAPTURE_AUTORELEASING = YES;
				CLANG_WARN_BOOL_CONVERSION = YES;
				CLANG_WARN_COMMA = YES;
				CLANG_WARN_CONSTANT_CONVERSION = YES;
				CLANG_WARN_DEPRECATED_OBJC_IMPLEMENTATIONS = YES;
				CLANG_WARN_DIRECT_OBJC_ISA_USAGE = YES_ERROR;
				CLANG_WARN_DOCUMENTATION_COMMENTS = YES;
				CLANG_WARN_EMPTY_BODY = YES;
				CLANG_WARN_ENUM_CONVERSION = YES;
				CLANG_WARN_INFINITE_RECURSION = YES;
				CLANG_WARN_INT_CONVERSION = YES;
				CLANG_WARN_NON_LITERAL_NULL_CONVERSION = YES;
				CLANG_WARN_OBJC_IMPLICIT_RETAIN_SELF = YES;
				CLANG_WARN_OBJC_LITERAL_CONVERSION = YES;
				CLANG_WARN_OBJC_ROOT_CLASS = YES_ERROR;
				CLANG_WARN_QUOTED_INCLUDE_IN_FRAMEWORK_HEADER = YES;
				CLANG_WARN_RANGE_LOOP_ANALYSIS = YES;
				CLANG_WARN_STRICT_PROTOTYPES = YES;
				CLANG_WARN_SUSPICIOUS_MOVE = YES;
				CLANG_WARN_UNGUARDED_AVAILABILITY = YES_AGGRESSIVE;
				CLANG_WARN_UNREACHABLE_CODE = YES;
				CLANG_WARN__DUPLICATE_METHOD_MATCH = YES;
				COPY_PHASE_STRIP = NO;
				DEBUG_INFORMATION_FORMAT = "dwarf-with-dsym";
				ENABLE_NS_ASSERTIONS = NO;
				ENABLE_STRICT_OBJC_MSGSEND = YES;
				ENABLE_USER_SCRIPT_SANDBOXING = YES;
				GCC_C_LANGUAGE_STANDARD = gnu17;
				GCC_NO_COMMON_BLOCKS = YES;
				GCC_WARN_64_TO_32_BIT_CONVERSION = YES;
				GCC_WARN_ABOUT_RETURN_TYPE = YES_ERROR;
				GCC_WARN_UNDECLARED_SELECTOR = YES;
				GCC_WARN_UNINITIALIZED_AUTOS = YES_AGGRESSIVE;
				GCC_WARN_UNUSED_FUNCTION = YES;
				GCC_WARN_UNUSED_VARIABLE = YES;
				IPHONEOS_DEPLOYMENT_TARGET = 18.1;
				LOCALIZATION_PREFERS_STRING_CATALOGS = YES;
				MTL_ENABLE_DEBUG_INFO = NO;
				MTL_FAST_MATH = YES;
				SDKROOT = iphoneos;
				SWIFT_COMPILATION_MODE = wholemodule;
				VALIDATE_PRODUCT = YES;
			};
			name = Release;
		};
		ABC65BD02FBB468500655953 /* Debug */ = {
			isa = XCBuildConfiguration;
			buildSettings = {
				BUNDLE_LOADER = "$(TEST_HOST)";
				CODE_SIGN_STYLE = Automatic;
				CURRENT_PROJECT_VERSION = 1;
				GENERATE_INFOPLIST_FILE = YES;
				IPHONEOS_DEPLOYMENT_TARGET = 18.1;
				MARKETING_VERSION = 1.0;
				PRODUCT_BUNDLE_IDENTIFIER = "com.rakotoarisoa.candidatures-iosTests";
				PRODUCT_NAME = "$(TARGET_NAME)";
				SWIFT_EMIT_LOC_STRINGS = NO;
				SWIFT_VERSION = 5.0;
				TARGETED_DEVICE_FAMILY = "1,2";
				TEST_HOST = "$(BUILT_PRODUCTS_DIR)/candidatures_ios.app/$(BUNDLE_EXECUTABLE_FOLDER_PATH)/candidatures_ios";
			};
			name = Debug;
		};
		ABC65BD12FBB468500655953 /* Release */ = {
			isa = XCBuildConfiguration;
			buildSettings = {
				BUNDLE_LOADER = "$(TEST_HOST)";
				CODE_SIGN_STYLE = Automatic;
				CURRENT_PROJECT_VERSION = 1;
				GENERATE_INFOPLIST_FILE = YES;
				IPHONEOS_DEPLOYMENT_TARGET = 18.1;
				MARKETING_VERSION = 1.0;
				PRODUCT_BUNDLE_IDENTIFIER = "com.rakotoarisoa.candidatures-iosTests";
				PRODUCT_NAME = "$(TARGET_NAME)";
				SWIFT_EMIT_LOC_STRINGS = NO;
				SWIFT_VERSION = 5.0;
				TARGETED_DEVICE_FAMILY = "1,2";
				TEST_HOST = "$(BUILT_PRODUCTS_DIR)/candidatures_ios.app/$(BUNDLE_EXECUTABLE_FOLDER_PATH)/candidatures_ios";
			};
			name = Release;
		};
		ABC65BD32FBB468500655953 /* Debug */ = {
			isa = XCBuildConfiguration;
			buildSettings = {
				CODE_SIGN_STYLE = Automatic;
				CURRENT_PROJECT_VERSION = 1;
				GENERATE_INFOPLIST_FILE = YES;
				MARKETING_VERSION = 1.0;
				PRODUCT_BUNDLE_IDENTIFIER = "com.rakotoarisoa.candidatures-iosUITests";
				PRODUCT_NAME = "$(TARGET_NAME)";
				SWIFT_EMIT_LOC_STRINGS = NO;
				SWIFT_VERSION = 5.0;
				TARGETED_DEVICE_FAMILY = "1,2";
				TEST_TARGET_NAME = candidatures_ios;
			};
			name = Debug;
		};
		ABC65BD42FBB468500655953 /* Release */ = {
			isa = XCBuildConfiguration;
			buildSettings = {
				CODE_SIGN_STYLE = Automatic;
				CURRENT_PROJECT_VERSION = 1;
				GENERATE_INFOPLIST_FILE = YES;
				MARKETING_VERSION = 1.0;
				PRODUCT_BUNDLE_IDENTIFIER = "com.rakotoarisoa.candidatures-iosUITests";
				PRODUCT_NAME = "$(TARGET_NAME)";
				SWIFT_EMIT_LOC_STRINGS = NO;
				SWIFT_VERSION = 5.0;
				TARGETED_DEVICE_FAMILY = "1,2";
				TEST_TARGET_NAME = candidatures_ios;
			};
			name = Release;
		};
/* End XCBuildConfiguration section */

/* Begin XCConfigurationList section */
		ABC65B9C2FBB468400655953 /* Build configuration list for PBXProject "candidatures_ios" */ = {
			isa = XCConfigurationList;
			buildConfigurations = (
				ABC65BCD2FBB468500655953 /* Debug */,
				ABC65BCE2FBB468500655953 /* Release */,
			);
			defaultConfigurationIsVisible = 0;
			defaultConfigurationName = Release;
		};
		ABC65BCA2FBB468500655953 /* Build configuration list for PBXNativeTarget "candidatures_ios" */ = {
			isa = XCConfigurationList;
			buildConfigurations = (
				ABC65BCB2FBB468500655953 /* Debug */,
				ABC65BCC2FBB468500655953 /* Release */,
			);
			defaultConfigurationIsVisible = 0;
			defaultConfigurationName = Release;
		};
		ABC65BCF2FBB468500655953 /* Build configuration list for PBXNativeTarget "candidatures_iosTests" */ = {
			isa = XCConfigurationList;
			buildConfigurations = (
				ABC65BD02FBB468500655953 /* Debug */,
				ABC65BD12FBB468500655953 /* Release */,
			);
			defaultConfigurationIsVisible = 0;
			defaultConfigurationName = Release;
		};
		ABC65BD22FBB468500655953 /* Build configuration list for PBXNativeTarget "candidatures_iosUITests" */ = {
			isa = XCConfigurationList;
			buildConfigurations = (
				ABC65BD32FBB468500655953 /* Debug */,
				ABC65BD42FBB468500655953 /* Release */,
			);
			defaultConfigurationIsVisible = 0;
			defaultConfigurationName = Release;
		};
/* End XCConfigurationList section */
	};
	rootObject = ABC65B992FBB468400655953 /* Project object */;
}
